
Microsoft Visual Studio Solution File, Format Version 12.00
# Visual Studio Version 16
VisualStudioVersion = 16.0.29403.142
MinimumVisualStudioVersion = 10.0.40219.1
Project("{FAE04EC0-301F-11D3-BF4B-00C04F79EFBC}") = "LinqExamples", "LinqExamples\LinqExamples.csproj", "{89B006EF-FBC5-4A57-B9AB-137AEBC2E7D5}"
EndProject
Global
	GlobalSection(SolutionConfigurationPlatforms) = preSolution
		Debug|Any CPU = Debug|Any CPU
		Release|Any CPU = Release|Any CPU
	EndGlobalSection
	GlobalSection(ProjectConfigurationPlatforms) = postSolution
		{89B006EF-FBC5-4A57-B9AB-137AEBC2E7D5}.Debug|Any CPU.ActiveCfg = Debug|Any CPU
		{89B006EF-FBC5-4A57-B9AB-137AEBC2E7D5}.Debug|Any CPU.Build.0 = Debug|Any CPU
		{89B006EF-FBC5-4A57-B9AB-137AEBC2E7D5}.Release|Any CPU.ActiveCfg = Release|Any CPU
		{89B006EF-FBC5-4A57-B9AB-137AEBC2E7D5}.Release|Any CPU.Build.0 = Release|Any CPU
	EndGlobalSection
	GlobalSection(SolutionProperties) = preSolution
		HideSolutionNode = FALSE
	EndGlobalSection
	GlobalSection(ExtensibilityGlobals) = postSolution
		SolutionGuid = {F1455D27-57F8-44CD-9182-0FFDD20AC1C6}
	EndGlobalSection
EndGlobal
